lockfileVersion: '9.0'

settings:
  autoInstallPeers: true
  excludeLinksFromLockfile: false

importers:

  .:
    devDependencies:
      coverage-check:
        specifier: 0.15.2
        version: 0.15.2
      vouchington-tooling:
        specifier: 0.1.5
        version: 0.1.5

packages:

  '@aws-sdk/checksums@3.1000.29':
    resolution: {integrity: sha512-Dtu0gr4dnATZAPwEYbpCsG+MpLM7OAliy2gTepEFQwl1vZ6DL3QMH2FveMa3HLvPsOdhJsPRB3KtxVhph9T75A==}
    engines: {node: '>=20.0.0'}

  '@aws-sdk/client-s3@3.1111.0':
    resolution: {integrity: sha512-VnLT6aSTN8tWl/NsXUysXNZor7wQBp9CRwufo7kt8cwGXvHLZ0S/cV1K9WFcREGboVYSo3NGQ3ZvU7LRidh2aQ==}
    engines: {node: '>=20.0.0'}

  '@aws-sdk/core@3.977.9':
    resolution: {integrity: sha512-reqPFEQrZxDZpeGj4PFMepBeR5LGYHRqq/L0motTzgFkCRBA4rFdaVXDSLYyGHhxVz7sT2PDnPN9CluGSfgyJA==}
    engines: {node: '>=20.0.0'}

  '@aws-sdk/credential-provider-env@3.972.70':
    resolution: {integrity: sha512-H404B7dJl2mCrBqahDEYsanB0xhdDp6tXnXcTUnXmmpy2Q3J0Ho0bUajZ2jr/RdwzCyS59Gi8xXIFwPLGBl6Uw==}
    engines: {node: '>=20.0.0'}

  '@aws-sdk/credential-provider-http@3.972.72':
    resolution: {integrity: sha512-X98zYOrVOeuosCX+6ktf29FC2N2GHPLia7qv6mzPzTc+RPAuHWCDS++Z6JK7eGYqb/v6uaW7bAXaOvDBfol+0w==}
    engines: {node: '>=20.0.0'}

  '@aws-sdk/credential-provider-ini@3.973.15':
    resolution: {integrity: sha512-Rykg6s5ceBuynMOGWgoowO4N+27JfnqXAnVaSunZl0hOO1XodSrxGNz6sCEbnmS0lAfQZDKyb3fbr46gSuv6Sg==}
    engines: {node: '>=20.0.0'}

  '@aws-sdk/credential-provider-login@3.972.77':
    resolution: {integrity: sha512-Jb59xfEISoN5mmbnA+HYqdtrSX3CgCtJoof+V5D8/TgUI56W63GEEd5Y58WijU3Ou6+WEgaLD1feVzaRXV5IDQ==}
    engines: {node: '>=20.0.0'}

  '@aws-sdk/credential-provider-node@3.972.81':
    resolution: {integrity: sha512-Rml+WitoFvXmv6JZ18U/xGdGDGGvB/mOin0ya0lTnTrdC0Z1lrVxTYh7iNklZBcvcRMrs4DoEf6xy1KWyrLQQw==}
    engines: {node: '>=20.0.0'}

  '@aws-sdk/credential-provider-process@3.972.70':
    resolution: {integrity: sha512-2ry03fGRJr4sV3jI+ocjj5JqALnFD6ymM5KiNCDZMvq8bX2GSbE0vji4aM43TVCl2nXqqLRZaUxdq/KeWRAY4Q==}
    engines: {node: '>=20.0.0'}

  '@aws-sdk/credential-provider-sso@3.973.14':
    resolution: {integrity: sha512-jkhg/8ocAAoc0RFyLMhCw+/zZh7gystQgd4F4hznNa8P4Cc501PQmxd+jGLiMHodPJ+7Zv/3znM62gZojyasmA==}
    engines: {node: '>=20.0.0'}

  '@aws-sdk/credential-provider-web-identity@3.972.76':
    resolution: {integrity: sha512-d3AGyVu759PGr35mEB2s22xxlNEA5rpdxtSPJthfPFJvoQ8dt357iVPECqWfUxXp1toJAvKmbtcIYVGigaGsCA==}
    engines: {node: '>=20.0.0'}

  '@aws-sdk/middleware-sdk-s3@3.972.75':
    resolution: {integrity: sha512-wMIsNumRVKaNMKhvU/s9VrdEwE8S6gSzXp4RygFG5BEMnGkkXf8cjh8zf7cKJBpUDpqTWqwbz5isEgp9rH6Lng==}
    engines: {node: '>=20.0.0'}

  '@aws-sdk/nested-clients@3.997.44':
    resolution: {integrity: sha512-NhEgryjlBF9w38ZXqGymQV28IhkYa1mKhlbYnqIis57AYwWGVYfUPgg/qC2rLRqOUfblxx++irvju10kVTa8Vw==}
    engines: {node: '>=20.0.0'}

  '@aws-sdk/signature-v4-multi-region@3.996.46':
    resolution: {integrity: sha512-L+2xZTye/2T96f3lwCws0Zw6GG2JHZW9e8FpVgGBeeExSKyeoZ6CWRpBml/7DNiK/O26jrgPM9F+Ay8VkgzUWQ==}
    engines: {node: '>=20.0.0'}

  '@aws-sdk/token-providers@3.1116.0':
    resolution: {integrity: sha512-ygIivKqh8aHzNkucOCXHyIBgBpLPfrSI0mCqXF+vLBsPTUKqj0VSqAY0GFPe7lQl4HntjOcQ+KSyS7oUV2C54Q==}
    engines: {node: '>=20.0.0'}

  '@aws-sdk/types@3.974.5':
    resolution: {integrity: sha512-LkwLL2BLbC6wNNm4JaH9mbEqBMdOZCct6VAYqhdN4U1xrWM+fUJQEfbHwQgDypapOWTRtlk25akb5afM0P8CIQ==}
    engines: {node: '>=20.0.0'}

  '@aws-sdk/xml-builder@3.972.40':
    resolution: {integrity: sha512-wlFmCIGUlwF4zx/kncw+bmxTQh1HeSJq4mYV/V5cZUSJadDP3kXvGW8Rn21cimj/7y9ju+47oYWXi97vF7czaA==}
    engines: {node: '>=20.0.0'}

  '@aws/lambda-invoke-store@0.3.0':
    resolution: {integrity: sha512-sl4Bm6yiMNYrZKkqqDFWN0UfnWhlS8ivKxrYl+6t0gCLrqr8y3B2IqZZbFRkfaVVp7C/baApyh71P+LeE1A2sQ==}
    engines: {node: '>=18.0.0'}

  '@esbuild/aix-ppc64@0.28.2':
    resolution: {integrity: sha512-XExcO+dvLKvVtNTibSTBej1NCAbaGhWn9Ww1ZPx80qsahhPFe/8jgWP0IchNe0F3HwkU7n8ejhH8bjonqht8mQ==}
    engines: {node: '>=18'}
    cpu: [ppc64]
    os: [aix]

  '@esbuild/android-arm64@0.28.2':
    resolution: {integrity: sha512-5YfKeeI8qWfBZIX+u2xZC3Zlb3Os/gLS2sbEKM+I4ZOcsWmHS2WLysCcQZDAFRslDUU5Oiq44gf6PYN1vGwG5A==}
    engines: {node: '>=18'}
    cpu: [arm64]
    os: [android]

  '@esbuild/android-arm@0.28.2':
    resolution: {integrity: sha512-kXXoiPVVGQcnIYGOeaovwOURpniDBpSq4A03qkQ+BMQqtGG6HYap3xne9C1O1yo4TR3qxlCX5IqqmX6fFo2Lqg==}
    engines: {node: '>=18'}
    cpu: [arm]
    os: [android]

  '@esbuild/android-x64@0.28.2':
    resolution: {integrity: sha512-O387ite7SzUyCcy3JQX4P4bLtEA7bLLkx+esve5JHnyYfNTxcVpXZo9jhdB0lTKN44gztELTdU7nS8Nr16Fs1Q==}
    engines: {node: '>=18'}
    cpu: [x64]
    os: [android]

  '@esbuild/darwin-arm64@0.28.2':
    resolution: {integrity: sha512-n4KqkOQrraxHJcgjM1RvwbigfQKIKJVpM7xp+KsxiyUSrRdIXnt73VhrPAx0fV44hgfmIVKjxMN9J1t5jySVkw==}
    engines: {node: '>=18'}
    cpu: [arm64]
    os: [darwin]

  '@esbuild/darwin-x64@0.28.2':
    resolution: {integrity: sha512-uq6suIWYP37qzGddBKPw5QEQPi6HiLGsO7UmkpfyaYNQ3D+rN6w6WfwH+nuqcGXWvawGwxOEroO4YGnFh95azw==}
    engines: {node: '>=18'}
    cpu: [x64]
    os: [darwin]

  '@esbuild/freebsd-arm64@0.28.2':
    resolution: {integrity: sha512-n+I0BTSRIoy+d6RPKnEVwql5UwBJolytvY4mAOIEJorKlqgPII8ix6slVVrfZ5Tnj7glIZvloylbB/EJPMWEXw==}
    engines: {node: '>=18'}
    cpu: [arm64]
    os: [freebsd]

  '@esbuild/freebsd-x64@0.28.2':
    resolution: {integrity: sha512-78XJTJkvPs0kz2w61301PJjXl4g7q3JqiYMZ/M/yVI73EHBrCRTgkhu9oqG7vPqq+a/yadEW8aD+agKlk5xrmg==}
    engines: {node: '>=18'}
    cpu: [x64]
    os: [freebsd]

  '@esbuild/linux-arm64@0.28.2':
    resolution: {integrity: sha512-pW4AC0P3it8c7do9MVM4p51FzHzdM/TZrerurgRcHJ2WTa1VQ1CIq18xncfpBJw4ojkiZZrKW2yIBWBP92j6Ug==}
    engines: {node: '>=18'}
    cpu: [arm64]
    os: [linux]

  '@esbuild/linux-arm@0.28.2':
    resolution: {integrity: sha512-XlDnu2q5yoqems+xay6wSAcg9DDD7K9RLKZEBOMZm3ckNpJBvOX20tSfby8KfrrhINDyv9V2YVZKY/SpoGJI8w==}
    engines: {node: '>=18'}
    cpu: [arm]
    os: [linux]

  '@esbuild/linux-ia32@0.28.2':
    resolution: {integrity: sha512-CYbnj78HsIeA+DhgUKgFCfvNsTHFhMMrinUrMZpDXJXKN8T3XViTZ/+wtHeVxEWY8ewSzTFN+nRmSwO2tZaLUQ==}
    engines: {node: '>=18'}
    cpu: [ia32]
    os: [linux]

  '@esbuild/linux-loong64@0.28.2':
    resolution: {integrity: sha512-buwkd8nsph4R+ajRvw0qM5Hja/TXQow3ptzWO2EbG/cqcIkHloRrdlBtQlshyYGTNFvfkfJ5tpPLVkY4DtsPfQ==}
    engines: {node: '>=18'}
    cpu: [loong64]
    os: [linux]

  '@esbuild/linux-mips64el@0.28.2':
    resolution: {integrity: sha512-ZVykbDyk7519VwiNb9Lcj9m8XM6v5V9uKPvrEMkkEedVewf+0itkhahp4HDpgERXhwLRpWFypsGbG/J8s0QjJA==}
    engines: {node: '>=18'}
    cpu: [mips64el]
    os: [linux]

  '@esbuild/linux-ppc64@0.28.2':
    resolution: {integrity: sha512-CAXl+Dtd9UUuJd8pKKdwh6MLm3MUMiqMPmhZ3tTSXPqfyQ3vDl6R5hZdZ/kYojK4ofXtdfSv1tFq8XzWx3heNQ==}
    engines: {node: '>=18'}
    cpu: [ppc64]
    os: [linux]

  '@esbuild/linux-riscv64@0.28.2':
    resolution: {integrity: sha512-GeXCej4IQtU1B+QlDV8W/RRvbzI3O/Stss+/bCXv4lZls5WGRtu2a+3JkA3i4qIUlMXpcHebWpF8AkJhATowuA==}
    engines: {node: '>=18'}
    cpu: [riscv64]
    os: [linux]

  '@esbuild/linux-s390x@0.28.2':
    resolution: {integrity: sha512-3H1weTYZPxt/WOhByszQZybS9w5lKzUn1FDMsgEChbHWQwHYQQRfBxgCcZvPhjHfKyJjIievvMmEUawJrdY9Dg==}
    engines: {node: '>=18'}
    cpu: [s390x]
    os: [linux]

  '@esbuild/linux-x64@0.28.2':
    resolution: {integrity: sha512-4xTZr1FUmSoQW4XIWmit3tzQrUTZM+N3P0XV8xROKYF50XfI7xeO90+1bZvNwxIufQ9hDQVRJH5YhgPVF8A/HQ==}
    engines: {node: '>=18'}
    cpu: [x64]
    os: [linux]

  '@esbuild/netbsd-arm64@0.28.2':
    resolution: {integrity: sha512-sSATRjPeDBg3pdgHoQfoYBob11Kk1FGa9lui5RIHZCoCkJa9QKlvl3/vKz2usCmYYjs7ymJR/2Nnsqe+Hjt5nw==}
    engines: {node: '>=18'}
    cpu: [arm64]
    os: [netbsd]

  '@esbuild/netbsd-x64@0.28.2':
    resolution: {integrity: sha512-lqnzCV+mM0gIADaKihiCg6ifgfU2L3h5E33rNQBN1Y4MaVGnzryzmvvf7UHxprpQdE8hpqLolJ9Rl+SkIRDpyw==}
    engines: {node: '>=18'}
    cpu: [x64]
    os: [netbsd]

  '@esbuild/openbsd-arm64@0.28.2':
    resolution: {integrity: sha512-AL2qJILH7lNjrDmCQDvdxMfAUIv8KMNZOvrwAQ8i8//ntL9FflhOyMJ8OZSMBb8/AWXe3/5v5S20y3zCoZWKoQ==}
    engines: {node: '>=18'}
    cpu: [arm64]
    os: [openbsd]

  '@esbuild/openbsd-x64@0.28.2':
    resolution: {integrity: sha512-QtiuPytchRyC4rwUKhexJdQKvDuZ6hWloi3igqPQNUJCS1/v9EiO3UTOXR6A3FoMo4fnAKbWJdqaIwhOzh8qEw==}
    engines: {node: '>=18'}
    cpu: [x64]
    os: [openbsd]

  '@esbuild/openharmony-arm64@0.28.2':
    resolution: {integrity: sha512-WkhYDmpTjLvGlScA1rwjRUmhl4k8oXR3cIbtqWmELgU/dFeHHlEllxDvdWcNJV9rbzCexB5vz8gtNewWLgCT7Q==}
    engines: {node: '>=18'}
    cpu: [arm64]
    os: [openharmony]

  '@esbuild/sunos-x64@0.28.2':
    resolution: {integrity: sha512-GPMSkTOtMnv2U2F8gxe4Io6qmVs+YKyp832Etqqxr0hFngmXQ3rzwytelm3GIn7T4VviRUlf3sOgBOiTdvaf7g==}
    engines: {node: '>=18'}
    cpu: [x64]
    os: [sunos]

  '@esbuild/win32-arm64@0.28.2':
    resolution: {integrity: sha512-PIhhEkE9uPBleRBrQEJpUn7MBnibZzbGzYWPmY3x+YoVg/95zbjB4CxPPOQ8l5tYYM4mMaCthF8/1DIfBQQyWQ==}
    engines: {node: '>=18'}
    cpu: [arm64]
    os: [win32]

  '@esbuild/win32-ia32@0.28.2':
    resolution: {integrity: sha512-YmJbfTlvU7Sdn9BB+4PRES4oB6pxgS37MAONj+hBr/cpXS1aBPKXxNnDbu+QCWPj0o9dgyxeq79g6c5P8KeuYA==}
    engines: {node: '>=18'}
    cpu: [ia32]
    os: [win32]

  '@esbuild/win32-x64@0.28.2':
    resolution: {integrity: sha512-5ebpxr3nWMzrL/rnUI755Jkuee0bHL/Gq0WTF9lvcpv73wAp5eu8MfBUgWK9bhWvZjj7yX8etf/8tI8Ney695g==}
    engines: {node: '>=18'}
    cpu: [x64]
    os: [win32]

  '@jridgewell/resolve-uri@3.1.2':
    resolution: {integrity: sha512-bRISgCIjP20/tbWSPWMEi54QVPRZExkuD9lJL+UIxUKtwVJA8wW1Trb1jMs1RFXo1CBTNZ/5hpC9QvmKWdopKw==}
    engines: {node: '>=6.0.0'}

  '@jridgewell/sourcemap-codec@1.5.5':
    resolution: {integrity: sha512-cYQ9310grqxueWbl+WuIUIaiUaDcj7WOq5fVhEljNVgRfOUhY9fy2zTvfoqWsnebh8Sl70VScFbICvJnLKB0Og==}

  '@jridgewell/trace-mapping@0.3.31':
    resolution: {integrity: sha512-zzNR+SdQSDJzc8joaeP8QQoCQr8NuYx2dIIytl1QeBEZHJ9uW6hebsrYgbz8hJwUQao3TWCMtmfV8Nu1twOLAw==}

  '@libpg-query/parser@18.0.0':
    resolution: {integrity: sha512-SlCUpkRMBBwT6vSE8RTgsi9RAiZRiBV9xTnxHQFDTM5DHjPlOzKkVtAF5xzdXUnch7d9MBmGKQf0Gxz/FJiGAg==}

  '@pgsql/types@18.0.0':
    resolution: {integrity: sha512-jtAY4JU7jdVYZ/Vv3zlZqVP+FRWZokyCLKPPCnAApiaJAElpyyiMC3HRiquBu29kSrVs+rkqZD50SUIb/zyEGw==}

  '@smithy/core@3.33.3':
    resolution: {integrity: sha512-CsOeKq/9kA3y6VJHt+/+VTCtBaxJ4OTFpgrjIUhPpDIKxBci1k2bJaQASF2h/ELWrulGp+t97DZ0mevfAD8idg==}
    engines: {node: '>=18.0.0'}

  '@smithy/credential-provider-imds@4.5.2':
    resolution: {integrity: sha512-A9uSdn72ozbRUSit0eib0TW7nXuNPlaeM0zcGkJ+nE6tFcSDbnmtwoxbTCFBukVQcszDAyvsd7+rTduPTXpygg==}
    engines: {node: '>=18.0.0'}

  '@smithy/fetch-http-handler@5.7.2':
    resolution: {integrity: sha512-nZyWTmSpJEXl6VtWVMBJve/7x12DZu6sIX1z1a+ZMaHlQQRs9Zpu6NbTe/gmxYXVRpkjxyDYpZ5gx2IM6f/Wkw==}
    engines: {node: '>=18.0.0'}

  '@smithy/node-http-handler@4.11.3':
    resolution: {integrity: sha512-2jY1tSpERfPfWqyBV2pH+iGFaghVsIJszJNsT7hxtQYhVJpWDyc0LqOWI+nXOxOAHaEfZ4PXXtp1wW1TGpHhkA==}
    engines: {node: '>=18.0.0'}

  '@smithy/signature-v4@5.7.3':
    resolution: {integrity: sha512-7ImGm+FkHRLcBaRttIAMZ6bzJZWb2cJGoYjq46F2UjycujWzrL9GEN9h4w7eQyXJYnltrUhxbbieBAIRrdqpow==}
    engines: {node: '>=18.0.0'}

  '@smithy/types@4.17.2':
    resolution: {integrity: sha512-FOKpVZob9MPTn2znRzGrnsMHv7BOsKVw3XiP/cOyYLDVZ9qKp4nifIiSCuUU/fIj5Vu0UOAxCFr+qRAtG0NUkA==}
    engines: {node: '>=18.0.0'}

  acorn-loose@8.5.2:
    resolution: {integrity: sha512-PPvV6g8UGMGgjrMu+n/f9E/tCSkNQ2Y97eFvuVdJfG11+xdIeDcLyNdC8SHcrHbRqkfwLASdplyR6B6sKM1U4A==}
    engines: {node: '>=0.4.0'}

  acorn-walk@8.3.5:
    resolution: {integrity: sha512-HEHNfbars9v4pgpW6SO1KSPkfoS0xVOM/9UzkJltjlsHZmJasxg8aXkuZa7SMf8vKGIBhpUsPluQSqhJFCqebw==}
    engines: {node: '>=0.4.0'}

  acorn@8.18.0:
    resolution: {integrity: sha512-lGq+9yr1/GuAWaVYIHRjvvySG5/4VfKIvC8EWxStPdcDh/Ka7FG3twP6v4d5BkravUilhIAsG4Qj83t02LWUPQ==}
    engines: {node: '>=0.4.0'}
    hasBin: true

  argparse@2.0.1:
    resolution: {integrity: sha512-8+9WqebbFzpX9OR+Wa6O29asIogeRMzcGtAINdpMHHyAg10f05aSFVBbcEqGf/PXw1EjAZ+q2/bEBg3DvurK3Q==}

  balanced-match@4.0.4:
    resolution: {integrity: sha512-BLrgEcRTwX2o6gGxGOCNyMvGSp35YofuYzw9h1IMTRmKqttAZZVU67bdb9Pr2vUHA8+j3i2tJfjO6C6+4myGTA==}
    engines: {node: 18 || 20 || >=22}

  bowser@2.14.1:
    resolution: {integrity: sha512-tzPjzCxygAKWFOJP011oxFHs57HzIhOEracIgAePE4pqB3LikALKnSzUyU4MGs9/iCEUuHlAJTjTc5M+u7YEGg==}

  brace-expansion@5.0.9:
    resolution: {integrity: sha512-ScQ4IuvIEF1TMlP7Zt+vjJ//9zlPb2SDcxWxM3bk8s6t6GGdJ7KO1dCcTidOPJKePW30LE/2cT7wCyPho9/Wxg==}
    engines: {node: 20 || >=22}

  commander@14.0.3:
    resolution: {integrity: sha512-H+y0Jo/T1RZ9qPP4Eh1pkcQcLRglraJaSLoyOtHxu6AapkjWVCy2Sit1QQ4x3Dng8qDlSsZEet7g5Pq06MvTgw==}
    engines: {node: '>=20'}

  console-grid@2.2.4:
    resolution: {integrity: sha512-OLjCRTiHhOpTRo9lQp/2FgJDyq5uQHwkEmVJulEnQ6JVf27oKKzXHZnNOv/e72V4++UdMZCrDWtvXW5sx4lyQg==}

  coverage-check@0.15.2:
    resolution: {integrity: sha512-a7nC7GQMF4QYVZKo8KCLi/ykTi2PyftGC9Zqt749dZeoMkN10oD3iA5KgYr4HDqpFY7Jg5NJgA3PK0xnLoCApA==}
    engines: {node: '>=22.0.0'}
    hasBin: true
    peerDependencies:
      '@vitest/coverage-v8': '>=3.2.0 <5'
      vitest: '>=3.2.0 <5'
    peerDependenciesMeta:
      '@vitest/coverage-v8':
        optional: true
      vitest:
        optional: true

  csv-parse@7.0.2:
    resolution: {integrity: sha512-uKZghv9UmPkMVLYy//KZ9HFAIJsl7wkhoEdIL0+rhuSY9pZQlhaeGEDPIe+/w7eh81MOql8Q/9+inAGWG6ZHYA==}

  csv-stringify@6.8.3:
    resolution: {integrity: sha512-gIeSCvq5F4VtXV3naV3VAewLhBkiZBz+PPhTOA8H3Y8h/ELa+R1ml0GZck/4/Nzo9ep2lvOluilJ6MJlbZsKMA==}

  dockerfile-ast@0.7.1:
    resolution: {integrity: sha512-oX/A4I0EhSkGqrFv0YuvPkBUSYp1XiY8O8zAKc8Djglx8ocz+JfOr8gP0ryRMC2myqvDLagmnZaU9ot1vG2ijw==}

  eight-colors@1.3.3:
    resolution: {integrity: sha512-4B54S2Qi4pJjeHmCbDIsveQZWQ/TSSQng4ixYJ9/SYHHpeS5nYK0pzcHvWzWUfRsvJQjwoIENhAwqg59thQceg==}

  esbuild@0.28.2:
    resolution: {integrity: sha512-HKVLS8dvII+xoKW9kmqxbRKrnWEXfJJr/FZhhJmiqIB0e053QNYFqOBouTMO/k5sID4MvCiUCvv8b9M4h32wIA==}
    engines: {node: '>=18'}
    hasBin: true

  foreground-child@4.0.3:
    resolution: {integrity: sha512-yeXZaNbCBGaT9giTpLPBdtedzjwhlJBUoL/R4BVQU5mn0TQXOHwVIl1Q2DMuBIdNno4ktA1abZ7dQFVxD6uHxw==}
    engines: {node: '>=16'}

  has-flag@4.0.0:
    resolution: {integrity: sha512-EykJT/Q1KjTWctppgIAgfSO0tKVuZUjhgMr17kqTumMl6Afv3EISleU7qZUzoXDFTAHTDC4NOoG/ZxU3EvlMPQ==}
    engines: {node: '>=8'}

  html-escaper@2.0.2:
    resolution: {integrity: sha512-H2iMtd0I4Mt5eYiapRdIDjp+XzelXQ0tFE4JS7YFwFevXXMmOp9myNrUvCg0D6ws8iqkRPBfKHgbwig1SmlLfg==}

  istanbul-lib-coverage@3.2.2:
    resolution: {integrity: sha512-O8dpsF+r0WV/8MNRKfnmrtCWhuKjxrq2w+jpzBL5UZKTi2LeVWnWOmWRxFlesJONmc+wLAGvKQZEOanko0LFTg==}
    engines: {node: '>=8'}

  istanbul-lib-report@3.0.1:
    resolution: {integrity: sha512-GCfE1mtsHGOELCU8e/Z7YWzpmybrx/+dSTfLrvY8qRmaY6zXTKWn6WQIjaAFw069icm6GVMNkgu0NzI4iPZUNw==}
    engines: {node: '>=10'}

  istanbul-reports@3.2.0:
    resolution: {integrity: sha512-HGYWWS/ehqTV3xN10i23tkPkpH46MLCIMFNCaaKNavAXTF1RkqxawEPtnjnGZ6XKSInBKkiOA5BKS+aZiY3AvA==}
    engines: {node: '>=8'}

  js-yaml@5.4.1:
    resolution: {integrity: sha512-28R/k+NAjeuf7+CKlTxWZVExJGwVVLwY06DgEnOMz2gEpfNkDcD7QvyiVPT0xy0XXhU8vHsd4Ot42OOPdJG7dQ==}
    hasBin: true

  lz-utils@2.1.1:
    resolution: {integrity: sha512-d3Thjos0PSJQAoyMj6vipSSrtrRHS7DImqUNR8x9NW3+zQIftPIbMJAWhi5nPdg5Q9zHz6lxtN8kp/VdMlhi/Q==}

  make-dir@4.0.0:
    resolution: {integrity: sha512-hXdUTZYIVOt1Ex//jAQi+wTZZpUpwBj/0QsOzqegb3rGMMeJiSEu5xLHnYfBrRV4RH2+OCSOO95Is/7x1WJ4bw==}
    engines: {node: '>=10'}

  minimatch@10.2.6:
    resolution: {integrity: sha512-vpLQEs+VLCr1nU0BXS07maYoFwlDAH0gngQuuttxIwutDFEMHq2blX+8vpgxDdK3J1PwjCJiep77OitTZ4Ll1A==}
    engines: {node: 18 || 20 || >=22}

  monocart-coverage-reports@2.13.0:
    resolution: {integrity: sha512-RJfwzbn+EvR0OhCSU3bX2mKd0tSv4RLvood0weoCZV1L99+kBYH0Yq5SnnBFRik7nRoEoGB4mLuZAvO1Fr3DpQ==}
    hasBin: true

  monocart-locator@1.0.3:
    resolution: {integrity: sha512-pe29W2XAoA1WQmZZqxXoP7s06ZEXUhcb81086v68cqjk1HnVL7Q/iU/WJnnetxjPcLqwb4qG8vaSGUOMQU602g==}

  picomatch@4.0.5:
    resolution: {integrity: sha512-RvwwcruNjI1ncT5xRakeyS9Lf8lcItv34KD+aif+VH9kduAyfYBipGh12274xtenIPZ119/R9BdTBa8gAwSh0A==}
    engines: {node: '>=12'}

  semver@7.8.5:
    resolution: {integrity: sha512-Y7/KDsb8LjooZpwaqGyulO6DQlksgCncchHGk+sZIY4SBvUocMBEFH5Ur1fI4dV+Jvl0w6cjvucaIi40puRioA==}
    engines: {node: '>=10'}
    hasBin: true

  signal-exit@4.1.0:
    resolution: {integrity: sha512-bzyZ1e88w9O1iNJbKnOlvYTrWPDl46O1bG0D3XInv+9tkPrxrN8jUUTiFlDkkmKWgn1M6CfIA13SuGqOa9Korw==}
    engines: {node: '>=14'}

  supports-color@7.2.0:
    resolution: {integrity: sha512-qpCAvRl9stuOHveKsn7HncJRvv501qIacKzQlO/+Lwxc9+0q2wLyv4Dfvt80/DPn2pqOBsJdDiogXGR9+OvwRw==}
    engines: {node: '>=8'}

  tslib@2.8.1:
    resolution: {integrity: sha512-oJFu94HQb+KVduSUQL7wnpmqnfmLsOA/nAh6b6EH0wCEoK0/mPeXU6c3wKDV83MkOuHPRHtSXKKU99IBazS/2w==}

  vouchington-tooling@0.1.5:
    resolution: {integrity: sha512-a2t0LlLx2Jn58qplizk+MojcLauc45u5o+x6c6d0abIy7K1xT3djw1xJ7rNtBG8u2h9a6XiqmqdaDRu7c29MoQ==}
    engines: {node: '>=24.0.0'}
    hasBin: true

  vscode-languageserver-textdocument@1.0.14:
    resolution: {integrity: sha512-EQyqJMi552E4ZTf46izQ4Fj6XquqxCySR3J5ZSD1SisMf6RfpeOWHxGBE8Gr6V0/3GHIGdAzDn8F8+1nTGCnoQ==}

  vscode-languageserver-types@3.18.0:
    resolution: {integrity: sha512-8TsGPNMIMiiBdkORgRSvLjuiEIiAFtO+KssmYWxQ+uSVvlf7RjK8YKCOjPzZ+YA04jXEV7+7LvkSmHkhpNS99g==}

  yaml@2.9.0:
    resolution: {integrity: sha512-2AvhNX3mb8zd6Zy7INTtSpl1F15HW6Wnqj0srWlkKLcpYl/gMIMJiyuGq2KeI2YFxUPjdlB+3Lc10seMLtL4cA==}
    engines: {node: '>= 14.6'}
    hasBin: true

snapshots:

  '@aws-sdk/checksums@3.1000.29':
    dependencies:
      '@aws-sdk/core': 3.977.9
      '@aws-sdk/types': 3.974.5
      '@smithy/core': 3.33.3
      '@smithy/types': 4.17.2
      tslib: 2.8.1

  '@aws-sdk/client-s3@3.1111.0':
    dependencies:
      '@aws-sdk/checksums': 3.1000.29
      '@aws-sdk/core': 3.977.9
      '@aws-sdk/credential-provider-node': 3.972.81
      '@aws-sdk/middleware-sdk-s3': 3.972.75
      '@aws-sdk/signature-v4-multi-region': 3.996.46
      '@aws-sdk/types': 3.974.5
      '@smithy/core': 3.33.3
      '@smithy/fetch-http-handler': 5.7.2
      '@smithy/node-http-handler': 4.11.3
      '@smithy/types': 4.17.2
      tslib: 2.8.1

  '@aws-sdk/core@3.977.9':
    dependencies:
      '@aws-sdk/types': 3.974.5
      '@aws-sdk/xml-builder': 3.972.40
      '@aws/lambda-invoke-store': 0.3.0
      '@smithy/core': 3.33.3
      '@smithy/signature-v4': 5.7.3
      '@smithy/types': 4.17.2
      bowser: 2.14.1
      tslib: 2.8.1

  '@aws-sdk/credential-provider-env@3.972.70':
    dependencies:
      '@aws-sdk/core': 3.977.9
      '@aws-sdk/types': 3.974.5
      '@smithy/core': 3.33.3
      '@smithy/types': 4.17.2
      tslib: 2.8.1

  '@aws-sdk/credential-provider-http@3.972.72':
    dependencies:
      '@aws-sdk/core': 3.977.9
      '@aws-sdk/types': 3.974.5
      '@smithy/core': 3.33.3
      '@smithy/fetch-http-handler': 5.7.2
      '@smithy/node-http-handler': 4.11.3
      '@smithy/types': 4.17.2
      tslib: 2.8.1

  '@aws-sdk/credential-provider-ini@3.973.15':
    dependencies:
      '@aws-sdk/core': 3.977.9
      '@aws-sdk/credential-provider-env': 3.972.70
      '@aws-sdk/credential-provider-http': 3.972.72
      '@aws-sdk/credential-provider-login': 3.972.77
      '@aws-sdk/credential-provider-process': 3.972.70
      '@aws-sdk/credential-provider-sso': 3.973.14
      '@aws-sdk/credential-provider-web-identity': 3.972.76
      '@aws-sdk/nested-clients': 3.997.44
      '@aws-sdk/types': 3.974.5
      '@smithy/core': 3.33.3
      '@smithy/credential-provider-imds': 4.5.2
      '@smithy/types': 4.17.2
      tslib: 2.8.1

  '@aws-sdk/credential-provider-login@3.972.77':
    dependencies:
      '@aws-sdk/core': 3.977.9
      '@aws-sdk/nested-clients': 3.997.44
      '@aws-sdk/types': 3.974.5
      '@smithy/core': 3.33.3
      '@smithy/types': 4.17.2
      tslib: 2.8.1

  '@aws-sdk/credential-provider-node@3.972.81':
    dependencies:
      '@aws-sdk/credential-provider-env': 3.972.70
      '@aws-sdk/credential-provider-http': 3.972.72
      '@aws-sdk/credential-provider-ini': 3.973.15
      '@aws-sdk/credential-provider-process': 3.972.70
      '@aws-sdk/credential-provider-sso': 3.973.14
      '@aws-sdk/credential-provider-web-identity': 3.972.76
      '@aws-sdk/types': 3.974.5
      '@smithy/core': 3.33.3
      '@smithy/credential-provider-imds': 4.5.2
      '@smithy/types': 4.17.2
      tslib: 2.8.1

  '@aws-sdk/credential-provider-process@3.972.70':
    dependencies:
      '@aws-sdk/core': 3.977.9
      '@aws-sdk/types': 3.974.5
      '@smithy/core': 3.33.3
      '@smithy/types': 4.17.2
      tslib: 2.8.1

  '@aws-sdk/credential-provider-sso@3.973.14':
    dependencies:
      '@aws-sdk/core': 3.977.9
      '@aws-sdk/nested-clients': 3.997.44
      '@aws-sdk/token-providers': 3.1116.0
      '@aws-sdk/types': 3.974.5
      '@smithy/core': 3.33.3
      '@smithy/types': 4.17.2
      tslib: 2.8.1

  '@aws-sdk/credential-provider-web-identity@3.972.76':
    dependencies:
      '@aws-sdk/core': 3.977.9
      '@aws-sdk/nested-clients': 3.997.44
      '@aws-sdk/types': 3.974.5
      '@smithy/core': 3.33.3
      '@smithy/types': 4.17.2
      tslib: 2.8.1

  '@aws-sdk/middleware-sdk-s3@3.972.75':
    dependencies:
      '@aws-sdk/core': 3.977.9
      '@aws-sdk/signature-v4-multi-region': 3.996.46
      '@aws-sdk/types': 3.974.5
      '@smithy/core': 3.33.3
      '@smithy/types': 4.17.2
      tslib: 2.8.1

  '@aws-sdk/nested-clients@3.997.44':
    dependencies:
      '@aws-sdk/core': 3.977.9
      '@aws-sdk/signature-v4-multi-region': 3.996.46
      '@aws-sdk/types': 3.974.5
      '@smithy/core': 3.33.3
      '@smithy/fetch-http-handler': 5.7.2
      '@smithy/node-http-handler': 4.11.3
      '@smithy/types': 4.17.2
      tslib: 2.8.1

  '@aws-sdk/signature-v4-multi-region@3.996.46':
    dependencies:
      '@aws-sdk/types': 3.974.5
      '@smithy/signature-v4': 5.7.3
      '@smithy/types': 4.17.2
      tslib: 2.8.1

  '@aws-sdk/token-providers@3.1116.0':
    dependencies:
      '@aws-sdk/core': 3.977.9
      '@aws-sdk/nested-clients': 3.997.44
      '@aws-sdk/types': 3.974.5
      '@smithy/core': 3.33.3
      '@smithy/types': 4.17.2
      tslib: 2.8.1

  '@aws-sdk/types@3.974.5':
    dependencies:
      '@smithy/types': 4.17.2
      tslib: 2.8.1

  '@aws-sdk/xml-builder@3.972.40':
    dependencies:
      '@smithy/types': 4.17.2
      tslib: 2.8.1

  '@aws/lambda-invoke-store@0.3.0': {}

  '@esbuild/aix-ppc64@0.28.2':
    optional: true

  '@esbuild/android-arm64@0.28.2':
    optional: true

  '@esbuild/android-arm@0.28.2':
    optional: true

  '@esbuild/android-x64@0.28.2':
    optional: true

  '@esbuild/darwin-arm64@0.28.2':
    optional: true

  '@esbuild/darwin-x64@0.28.2':
    optional: true

  '@esbuild/freebsd-arm64@0.28.2':
    optional: true

  '@esbuild/freebsd-x64@0.28.2':
    optional: true

  '@esbuild/linux-arm64@0.28.2':
    optional: true

  '@esbuild/linux-arm@0.28.2':
    optional: true

  '@esbuild/linux-ia32@0.28.2':
    optional: true

  '@esbuild/linux-loong64@0.28.2':
    optional: true

  '@esbuild/linux-mips64el@0.28.2':
    optional: true

  '@esbuild/linux-ppc64@0.28.2':
    optional: true

  '@esbuild/linux-riscv64@0.28.2':
    optional: true

  '@esbuild/linux-s390x@0.28.2':
    optional: true

  '@esbuild/linux-x64@0.28.2':
    optional: true

  '@esbuild/netbsd-arm64@0.28.2':
    optional: true

  '@esbuild/netbsd-x64@0.28.2':
    optional: true

  '@esbuild/openbsd-arm64@0.28.2':
    optional: true

  '@esbuild/openbsd-x64@0.28.2':
    optional: true

  '@esbuild/openharmony-arm64@0.28.2':
    optional: true

  '@esbuild/sunos-x64@0.28.2':
    optional: true

  '@esbuild/win32-arm64@0.28.2':
    optional: true

  '@esbuild/win32-ia32@0.28.2':
    optional: true

  '@esbuild/win32-x64@0.28.2':
    optional: true

  '@jridgewell/resolve-uri@3.1.2': {}

  '@jridgewell/sourcemap-codec@1.5.5': {}

  '@jridgewell/trace-mapping@0.3.31':
    dependencies:
      '@jridgewell/resolve-uri': 3.1.2
      '@jridgewell/sourcemap-codec': 1.5.5

  '@libpg-query/parser@18.0.0':
    dependencies:
      '@pgsql/types': 18.0.0
    optional: true

  '@pgsql/types@18.0.0':
    optional: true

  '@smithy/core@3.33.3':
    dependencies:
      '@smithy/types': 4.17.2
      tslib: 2.8.1

  '@smithy/credential-provider-imds@4.5.2':
    dependencies:
      '@smithy/core': 3.33.3
      '@smithy/types': 4.17.2
      tslib: 2.8.1

  '@smithy/fetch-http-handler@5.7.2':
    dependencies:
      '@smithy/core': 3.33.3
      '@smithy/types': 4.17.2
      tslib: 2.8.1

  '@smithy/node-http-handler@4.11.3':
    dependencies:
      '@smithy/core': 3.33.3
      '@smithy/types': 4.17.2
      tslib: 2.8.1

  '@smithy/signature-v4@5.7.3':
    dependencies:
      '@smithy/core': 3.33.3
      '@smithy/types': 4.17.2
      tslib: 2.8.1

  '@smithy/types@4.17.2':
    dependencies:
      tslib: 2.8.1

  acorn-loose@8.5.2:
    dependencies:
      acorn: 8.18.0

  acorn-walk@8.3.5:
    dependencies:
      acorn: 8.18.0

  acorn@8.18.0: {}

  argparse@2.0.1: {}

  balanced-match@4.0.4: {}

  bowser@2.14.1: {}

  brace-expansion@5.0.9:
    dependencies:
      balanced-match: 4.0.4

  commander@14.0.3: {}

  console-grid@2.2.4: {}

  coverage-check@0.15.2:
    dependencies:
      '@aws-sdk/client-s3': 3.1111.0
      '@jridgewell/trace-mapping': 0.3.31
      '@smithy/node-http-handler': 4.11.3
      esbuild: 0.28.2
      js-yaml: 5.4.1
      minimatch: 10.2.6
      monocart-coverage-reports: 2.13.0

  csv-parse@7.0.2: {}

  csv-stringify@6.8.3: {}

  dockerfile-ast@0.7.1:
    dependencies:
      vscode-languageserver-textdocument: 1.0.14
      vscode-languageserver-types: 3.18.0

  eight-colors@1.3.3: {}

  esbuild@0.28.2:
    optionalDependencies:
      '@esbuild/aix-ppc64': 0.28.2
      '@esbuild/android-arm': 0.28.2
      '@esbuild/android-arm64': 0.28.2
      '@esbuild/android-x64': 0.28.2
      '@esbuild/darwin-arm64': 0.28.2
      '@esbuild/darwin-x64': 0.28.2
      '@esbuild/freebsd-arm64': 0.28.2
      '@esbuild/freebsd-x64': 0.28.2
      '@esbuild/linux-arm': 0.28.2
      '@esbuild/linux-arm64': 0.28.2
      '@esbuild/linux-ia32': 0.28.2
      '@esbuild/linux-loong64': 0.28.2
      '@esbuild/linux-mips64el': 0.28.2
      '@esbuild/linux-ppc64': 0.28.2
      '@esbuild/linux-riscv64': 0.28.2
      '@esbuild/linux-s390x': 0.28.2
      '@esbuild/linux-x64': 0.28.2
      '@esbuild/netbsd-arm64': 0.28.2
      '@esbuild/netbsd-x64': 0.28.2
      '@esbuild/openbsd-arm64': 0.28.2
      '@esbuild/openbsd-x64': 0.28.2
      '@esbuild/openharmony-arm64': 0.28.2
      '@esbuild/sunos-x64': 0.28.2
      '@esbuild/win32-arm64': 0.28.2
      '@esbuild/win32-ia32': 0.28.2
      '@esbuild/win32-x64': 0.28.2

  foreground-child@4.0.3:
    dependencies:
      signal-exit: 4.1.0

  has-flag@4.0.0: {}

  html-escaper@2.0.2: {}

  istanbul-lib-coverage@3.2.2: {}

  istanbul-lib-report@3.0.1:
    dependencies:
      istanbul-lib-coverage: 3.2.2
      make-dir: 4.0.0
      supports-color: 7.2.0

  istanbul-reports@3.2.0:
    dependencies:
      html-escaper: 2.0.2
      istanbul-lib-report: 3.0.1

  js-yaml@5.4.1:
    dependencies:
      argparse: 2.0.1

  lz-utils@2.1.1: {}

  make-dir@4.0.0:
    dependencies:
      semver: 7.8.5

  minimatch@10.2.6:
    dependencies:
      brace-expansion: 5.0.9

  monocart-coverage-reports@2.13.0:
    dependencies:
      acorn: 8.18.0
      acorn-loose: 8.5.2
      acorn-walk: 8.3.5
      commander: 14.0.3
      console-grid: 2.2.4
      eight-colors: 1.3.3
      foreground-child: 4.0.3
      istanbul-lib-coverage: 3.2.2
      istanbul-lib-report: 3.0.1
      istanbul-reports: 3.2.0
      lz-utils: 2.1.1
      monocart-locator: 1.0.3

  monocart-locator@1.0.3: {}

  picomatch@4.0.5: {}

  semver@7.8.5: {}

  signal-exit@4.1.0: {}

  supports-color@7.2.0:
    dependencies:
      has-flag: 4.0.0

  tslib@2.8.1: {}

  vouchington-tooling@0.1.5:
    dependencies:
      csv-parse: 7.0.2
      csv-stringify: 6.8.3
      dockerfile-ast: 0.7.1
      picomatch: 4.0.5
      yaml: 2.9.0
    optionalDependencies:
      '@libpg-query/parser': 18.0.0

  vscode-languageserver-textdocument@1.0.14: {}

  vscode-languageserver-types@3.18.0: {}

  yaml@2.9.0: {}
