{
  "version": 2,
  "dependencies": {
    "net10.0": {
      "AngleSharp": {
        "type": "Direct",
        "requested": "[1.5.2, )",
        "resolved": "1.5.2",
        "contentHash": "LVZ7rrr6GHbhERhTgVDarVygl1e6KwE96pronA90LBOMacDhxR4lB+xYLjn/vlnUu+xbOB2RM9fuCPEx5bdyWA=="
      },
      "Meziantou.Analyzer": {
        "type": "Direct",
        "requested": "[3.0.117, )",
        "resolved": "3.0.117",
        "contentHash": "22L/6jjjhTwOpGqN+3A4EMCWc8Kc0dAd49zINAlxjLYDxERnD1qPKDkE9Z6cZPjiOs32J9nsieyya1FO+kXHCw=="
      },
      "Roslynator.Analyzers": {
        "type": "Direct",
        "requested": "[4.15.0, )",
        "resolved": "4.15.0",
        "contentHash": "E8fu71Y+vzhniJKy1K13Rzwm8Vjcj7CDFBpflqncKUZfc3SzuF0kMBiyMmgXNPkjWTdE3Z+30HlGgYjHONZY/Q=="
      }
    }
  }
}
