{
  "pins" : [
    {
      "identity" : "swift-asn1",
      "kind" : "remoteSourceControl",
      "location" : "https://github.com/apple/swift-asn1.git",
      "state" : {
        "revision" : "a9a5efd40eaf558a2bcd48d64b1d1646be686008",
        "version" : "1.7.1"
      }
    },
    {
      "identity" : "swift-crypto",
      "kind" : "remoteSourceControl",
      "location" : "https://github.com/apple/swift-crypto.git",
      "state" : {
        "revision" : "a9d1d5ab8951ada40cafff8c8e2b551dfde4f390",
        "version" : "5.0.0"
      }
    },
    {
      "identity" : "swiftsoup",
      "kind" : "remoteSourceControl",
      "location" : "https://github.com/scinfu/SwiftSoup.git",
      "state" : {
        "revision" : "18b80329749eca5ea29fc50211dca5c7eff5bfec",
        "version" : "2.13.9"
      }
    },
    {
      "identity" : "viewinspector",
      "kind" : "remoteSourceControl",
      "location" : "https://github.com/nalexn/ViewInspector.git",
      "state" : {
        "revision" : "2dacb6e514be19379c605a5a11564d0f3fea89d9",
        "version" : "0.10.5"
      }
    }
  ],
  "version" : 2
}
